// !$*UTF8*$!
{
	archiveVersion = 1;
	classes = {
	};
	objectVersion = 46;
	objects = {

/* Begin PBXFileReference section */
		B2A204AA1F3ACD7600F0DE9B /* color-and-background.html */ = {isa = PBXFileReference; lastKnownFileType = text.html; path = "color-and-background.html"; sourceTree = "<group>"; };
		B2A204AB1F3ACE5600F0DE9B /* color-and-background.css */ = {isa = PBXFileReference; lastKnownFileType = text.css; path = "color-and-background.css"; sourceTree = "<group>"; };
		B2A204AC1F3AD20B00F0DE9B /* app.css */ = {isa = PBXFileReference; lastKnownFileType = text.css; path = app.css; sourceTree = "<group>"; };
		B2A204AD1F3AD20B00F0DE9B /* aboutMe.html */ = {isa = PBXFileReference; lastKnownFileType = text.html; path = aboutMe.html; sourceTree = "<group>"; };
		B2A204AE1F3D7CB800F0DE9B /* todo_list.html */ = {isa = PBXFileReference; lastKnownFileType = text.html; path = todo_list.html; sourceTree = "<group>"; };
		B2A204AF1F3D7CC300F0DE9B /* todo_list.css */ = {isa = PBXFileReference; lastKnownFileType = text.css; path = todo_list.css; sourceTree = "<group>"; };
		B2A204B01F45612000F0DE9B /* selectors.css */ = {isa = PBXFileReference; lastKnownFileType = text.css; path = selectors.css; sourceTree = "<group>"; };
		B2A204B11F45618800F0DE9B /* selectors-demo.html */ = {isa = PBXFileReference; lastKnownFileType = text.html; path = "selectors-demo.html"; sourceTree = "<group>"; };
		B2A204B21F46AE4B00F0DE9B /* specificity.html */ = {isa = PBXFileReference; lastKnownFileType = text.html; path = specificity.html; sourceTree = "<group>"; };
/* End PBXFileReference section */

/* Begin PBXGroup section */
		B2A204A31F3ACCFB00F0DE9B = {
			isa = PBXGroup;
			children = (
				B2A204B01F45612000F0DE9B /* selectors.css */,
				B2A204B11F45618800F0DE9B /* selectors-demo.html */,
				B2A204AE1F3D7CB800F0DE9B /* todo_list.html */,
				B2A204B21F46AE4B00F0DE9B /* specificity.html */,
				B2A204AF1F3D7CC300F0DE9B /* todo_list.css */,
				B2A204AC1F3AD20B00F0DE9B /* app.css */,
				B2A204AD1F3AD20B00F0DE9B /* aboutMe.html */,
				B2A204AA1F3ACD7600F0DE9B /* color-and-background.html */,
				B2A204AB1F3ACE5600F0DE9B /* color-and-background.css */,
			);
			sourceTree = "<group>";
		};
/* End PBXGroup section */

/* Begin PBXProject section */
		B2A204A41F3ACCFB00F0DE9B /* Project object */ = {
			isa = PBXProject;
			attributes = {
				LastUpgradeCheck = 0800;
			};
			buildConfigurationList = B2A204A71F3ACCFB00F0DE9B /* Build configuration list for PBXProject "web-dev-course" */;
			compatibilityVersion = "Xcode 3.2";
			developmentRegion = English;
			hasScannedForEncodings = 0;
			knownRegions = (
				en,
			);
			mainGroup = B2A204A31F3ACCFB00F0DE9B;
			projectDirPath = "";
			projectRoot = "";
			targets = (
			);
		};
/* End PBXProject section */

/* Begin XCBuildConfiguration section */
		B2A204A81F3ACCFB00F0DE9B /* Debug */ = {
			isa = XCBuildConfiguration;
			buildSettings = {
			};
			name = Debug;
		};
		B2A204A91F3ACCFB00F0DE9B /* Release */ = {
			isa = XCBuildConfiguration;
			buildSettings = {
			};
			name = Release;
		};
/* End XCBuildConfiguration section */

/* Begin XCConfigurationList section */
		B2A204A71F3ACCFB00F0DE9B /* Build configuration list for PBXProject "web-dev-course" */ = {
			isa = XCConfigurationList;
			buildConfigurations = (
				B2A204A81F3ACCFB00F0DE9B /* Debug */,
				B2A204A91F3ACCFB00F0DE9B /* Release */,
			);
			defaultConfigurationIsVisible = 0;
			defaultConfigurationName = Release;
		};
/* End XCConfigurationList section */
	};
	rootObject = B2A204A41F3ACCFB00F0DE9B /* Project object */;
}
